
Microsoft Visual Studio Solution File, Format Version 12.00
Project("{FAE04EC0-301F-11D3-BF4B-00C04F79EFBC}") = "NamedPipeWrapper", "NamedPipeWrapper\NamedPipeWrapper.csproj", "{8225EDE4-3CE9-4F38-A491-E001C3B0EC3C}"
EndProject
Global
	GlobalSection(SolutionConfigurationPlatforms) = preSolution
		Debug|Any CPU = Debug|Any CPU
		Release|Any CPU = Release|Any CPU
	EndGlobalSection
	GlobalSection(ProjectConfigurationPlatforms) = postSolution
		{8225EDE4-3CE9-4F38-A491-E001C3B0EC3C}.Debug|Any CPU.ActiveCfg = Debug|Any CPU
		{8225EDE4-3CE9-4F38-A491-E001C3B0EC3C}.Debug|Any CPU.Build.0 = Debug|Any CPU
		{8225EDE4-3CE9-4F38-A491-E001C3B0EC3C}.Release|Any CPU.ActiveCfg = Release|Any CPU
		{8225EDE4-3CE9-4F38-A491-E001C3B0EC3C}.Release|Any CPU.Build.0 = Release|Any CPU
	EndGlobalSection
EndGlobal
